// !$*UTF8*$!
{
 archiveVersion = 1;
 classes = {};
 objectVersion = 56;
 objects = {
  F632B13A562982D94F0CE58F = { isa = PBXFileReference; lastKnownFileType = sourcecode.swift; path = "Sources/TeXium/App/TeXiumApp.swift"; sourceTree = SOURCE_ROOT; };
  F2773D11AEAF569990CBC527 = { isa = PBXBuildFile; fileRef = F632B13A562982D94F0CE58F; };
  083D558CC6E2D6D6BBA89EA5 = { isa = PBXFileReference; lastKnownFileType = sourcecode.swift; path = "Sources/TeXium/App/TeXiumCommands.swift"; sourceTree = SOURCE_ROOT; };
  CADE91873AADDFB8184CC79F = { isa = PBXBuildFile; fileRef = 083D558CC6E2D6D6BBA89EA5; };
  A6A7AD58FE36CCAF591F9AC1 = { isa = PBXFileReference; lastKnownFileType = sourcecode.swift; path = "Sources/TeXium/Stores/ProjectBuildActions.swift"; sourceTree = SOURCE_ROOT; };
  A769E6BDB6A9CC07A5CED458 = { isa = PBXBuildFile; fileRef = A6A7AD58FE36CCAF591F9AC1; };
  C8ED903D374160E24628ACEA = { isa = PBXFileReference; lastKnownFileType = sourcecode.swift; path = "Sources/TeXium/Stores/ProjectFileActions.swift"; sourceTree = SOURCE_ROOT; };
  19A0165F376A4E19417F75EF = { isa = PBXBuildFile; fileRef = C8ED903D374160E24628ACEA; };
  9AC16D8CC644193FB16D9ACC = { isa = PBXFileReference; lastKnownFileType = sourcecode.swift; path = "Sources/TeXium/Stores/ProjectGitActions.swift"; sourceTree = SOURCE_ROOT; };
  3A40F940CE376D22D51183E9 = { isa = PBXBuildFile; fileRef = 9AC16D8CC644193FB16D9ACC; };
  36F175DBFEB88A44E897D544 = { isa = PBXFileReference; lastKnownFileType = sourcecode.swift; path = "Sources/TeXium/Stores/ProjectLibrary.swift"; sourceTree = SOURCE_ROOT; };
  009B0E195BA6F446A53B5F81 = { isa = PBXBuildFile; fileRef = 36F175DBFEB88A44E897D544; };
  E02347F50405DBC60E991574 = { isa = PBXFileReference; lastKnownFileType = sourcecode.swift; path = "Sources/TeXium/Stores/ProjectSession.swift"; sourceTree = SOURCE_ROOT; };
  FEA773FD1467868F060142F2 = { isa = PBXBuildFile; fileRef = E02347F50405DBC60E991574; };
  0A272B3AA52666F9D76C9372 = { isa = PBXFileReference; lastKnownFileType = sourcecode.swift; path = "Sources/TeXium/Support/GitHubAuthentication.swift"; sourceTree = SOURCE_ROOT; };
  46276E3589E24050D86AD0F7 = { isa = PBXBuildFile; fileRef = 0A272B3AA52666F9D76C9372; };
  597C748C7DC6CA5E1F469040 = { isa = PBXFileReference; lastKnownFileType = sourcecode.swift; path = "Sources/TeXium/Support/ProjectMonitor.swift"; sourceTree = SOURCE_ROOT; };
  62D7985EC59758A5D0C3FA6B = { isa = PBXBuildFile; fileRef = 597C748C7DC6CA5E1F469040; };
  1BB4F608FB4045A9185786DA = { isa = PBXFileReference; lastKnownFileType = sourcecode.swift; path = "Sources/TeXium/Support/RecoveryWriter.swift"; sourceTree = SOURCE_ROOT; };
  4920A12CF1C0947F6FC2277A = { isa = PBXBuildFile; fileRef = 1BB4F608FB4045A9185786DA; };
  AE910DAC119C29EEDA11E0EE = { isa = PBXFileReference; lastKnownFileType = sourcecode.swift; path = "Sources/TeXium/Support/WindowLifecycle.swift"; sourceTree = SOURCE_ROOT; };
  B8268E71B1194B6F80306685 = { isa = PBXBuildFile; fileRef = AE910DAC119C29EEDA11E0EE; };
  CA10838B5D79CCE65B4096F0 = { isa = PBXFileReference; lastKnownFileType = sourcecode.swift; path = "Sources/TeXium/Views/CompletionPopup.swift"; sourceTree = SOURCE_ROOT; };
  EC2A9B70CF064E18CC8E83AB = { isa = PBXBuildFile; fileRef = CA10838B5D79CCE65B4096F0; };
  10ED391ECA3A5D79DDFE2C53 = { isa = PBXFileReference; lastKnownFileType = sourcecode.swift; path = "Sources/TeXium/Views/DocumentWorkspace.swift"; sourceTree = SOURCE_ROOT; };
  937BC23BF335E25376D41C45 = { isa = PBXBuildFile; fileRef = 10ED391ECA3A5D79DDFE2C53; };
  E937A07F212CE64F35FC7367 = { isa = PBXFileReference; lastKnownFileType = sourcecode.swift; path = "Sources/TeXium/Views/EditorCompletionController.swift"; sourceTree = SOURCE_ROOT; };
  D5931764CA3404F448BA2601 = { isa = PBXBuildFile; fileRef = E937A07F212CE64F35FC7367; };
  9E7025EF13AF024433BEE13E = { isa = PBXFileReference; lastKnownFileType = sourcecode.swift; path = "Sources/TeXium/Views/GitHubSettings.swift"; sourceTree = SOURCE_ROOT; };
  69062651F470D6F70A6ACD7D = { isa = PBXBuildFile; fileRef = 9E7025EF13AF024433BEE13E; };
  D9FE4D2DD4EFFB1F8D6ECF4E = { isa = PBXFileReference; lastKnownFileType = sourcecode.swift; path = "Sources/TeXium/Views/GitInspector.swift"; sourceTree = SOURCE_ROOT; };
  19A97B4AF684264812ABE4B0 = { isa = PBXBuildFile; fileRef = D9FE4D2DD4EFFB1F8D6ECF4E; };
  4D61AA4352AB12B23E90CA83 = { isa = PBXFileReference; lastKnownFileType = sourcecode.swift; path = "Sources/TeXium/Views/HistoryInspector.swift"; sourceTree = SOURCE_ROOT; };
  FA1D63A84ABCFB25657777AD = { isa = PBXBuildFile; fileRef = 4D61AA4352AB12B23E90CA83; };
  D04CC6A30A34539B423E36F4 = { isa = PBXFileReference; lastKnownFileType = sourcecode.swift; path = "Sources/TeXium/Views/InsertionAssistants.swift"; sourceTree = SOURCE_ROOT; };
  297F784ECC78096FF5916DBE = { isa = PBXBuildFile; fileRef = D04CC6A30A34539B423E36F4; };
  873467C929D9769DD2604444 = { isa = PBXFileReference; lastKnownFileType = sourcecode.swift; path = "Sources/TeXium/Views/NativeTextDisplay.swift"; sourceTree = SOURCE_ROOT; };
  A645A41CD36C06BCFB32A314 = { isa = PBXBuildFile; fileRef = 873467C929D9769DD2604444; };
  EA9F440AD49559AAA7C85ECA = { isa = PBXFileReference; lastKnownFileType = sourcecode.swift; path = "Sources/TeXium/Views/PDFPreview.swift"; sourceTree = SOURCE_ROOT; };
  4E54580EABE497EA661BA5B1 = { isa = PBXBuildFile; fileRef = EA9F440AD49559AAA7C85ECA; };
  CD0AE4E4B85E9980A2763081 = { isa = PBXFileReference; lastKnownFileType = sourcecode.swift; path = "Sources/TeXium/Views/ProjectBrowser.swift"; sourceTree = SOURCE_ROOT; };
  1D39A03A343AE346B661A43E = { isa = PBXBuildFile; fileRef = CD0AE4E4B85E9980A2763081; };
  49AC6BC52A8E2AFE3F8640C7 = { isa = PBXFileReference; lastKnownFileType = sourcecode.swift; path = "Sources/TeXium/Views/ProjectInspector.swift"; sourceTree = SOURCE_ROOT; };
  F6ADAB99CB544C9AAFA09057 = { isa = PBXBuildFile; fileRef = 49AC6BC52A8E2AFE3F8640C7; };
  3F9F0A8125C8E83C4837FFB1 = { isa = PBXFileReference; lastKnownFileType = sourcecode.swift; path = "Sources/TeXium/Views/ProjectSearchSheet.swift"; sourceTree = SOURCE_ROOT; };
  3C01A839867DBF17D775B3B6 = { isa = PBXBuildFile; fileRef = 3F9F0A8125C8E83C4837FFB1; };
  C5E2D73B4A5F5AA16315FED2 = { isa = PBXFileReference; lastKnownFileType = sourcecode.swift; path = "Sources/TeXium/Views/ProjectWindow.swift"; sourceTree = SOURCE_ROOT; };
  284D7E8609CDD224A711B744 = { isa = PBXBuildFile; fileRef = C5E2D73B4A5F5AA16315FED2; };
  EC638DB21E65B9E393327EA7 = { isa = PBXFileReference; lastKnownFileType = sourcecode.swift; path = "Sources/TeXium/Views/SettingsView.swift"; sourceTree = SOURCE_ROOT; };
  CC4DC18511998B55E643541B = { isa = PBXBuildFile; fileRef = EC638DB21E65B9E393327EA7; };
  55F9A0465F26B4A836A6FFA1 = { isa = PBXFileReference; lastKnownFileType = sourcecode.swift; path = "Sources/TeXium/Views/SourceEditor.swift"; sourceTree = SOURCE_ROOT; };
  647014FB5FC6DAC7E4161BA8 = { isa = PBXBuildFile; fileRef = 55F9A0465F26B4A836A6FFA1; };
  F928BF895B516880B5620391 = { isa = PBXFileReference; lastKnownFileType = sourcecode.swift; path = "Sources/TeXium/Views/SymbolPalette.swift"; sourceTree = SOURCE_ROOT; };
  F8964219F77363CC1C5E63B5 = { isa = PBXBuildFile; fileRef = F928BF895B516880B5620391; };
  E78A869FAC9A4C14664DE831 = { isa = PBXFileReference; lastKnownFileType = sourcecode.swift; path = "Sources/TeXium/Views/SyntaxColorSettings.swift"; sourceTree = SOURCE_ROOT; };
  F1BEB51CEE4365F1DE3E1FD9 = { isa = PBXBuildFile; fileRef = E78A869FAC9A4C14664DE831; };
  BDCB5F67A1D8DBAF4EA1EC19 = { isa = PBXFileReference; lastKnownFileType = sourcecode.swift; path = "Sources/TeXium/Views/WorkspaceSheets.swift"; sourceTree = SOURCE_ROOT; };
  138E757392CD20FC28A36795 = { isa = PBXBuildFile; fileRef = BDCB5F67A1D8DBAF4EA1EC19; };
  C2D4B446A44CE54FAB8E0115 = { isa = PBXFileReference; lastKnownFileType = image.icns; path = Sources/TeXium/Resources/TeXium.icns; sourceTree = SOURCE_ROOT; };
  AEA316E3B05950E8F1EF6B39 = { isa = PBXBuildFile; fileRef = C2D4B446A44CE54FAB8E0115; };
  A8792157CB4F27FB949C035F = { isa = PBXFileReference; explicitFileType = wrapper.application; includeInIndex = 0; path = TeXium.app; sourceTree = BUILT_PRODUCTS_DIR; };
  0A3E27B8CA818264D75C8D81 = { isa = PBXGroup; children = (A8792157CB4F27FB949C035F, 93E46A602338E07A8524AEF6); name = Products; sourceTree = "<group>"; };
  878A52FC5FF6A57D50B7B870 = { isa = PBXGroup; children = (F632B13A562982D94F0CE58F, 083D558CC6E2D6D6BBA89EA5, A6A7AD58FE36CCAF591F9AC1, C8ED903D374160E24628ACEA, 9AC16D8CC644193FB16D9ACC, 36F175DBFEB88A44E897D544, E02347F50405DBC60E991574, 0A272B3AA52666F9D76C9372, 597C748C7DC6CA5E1F469040, 1BB4F608FB4045A9185786DA, AE910DAC119C29EEDA11E0EE, CA10838B5D79CCE65B4096F0, 10ED391ECA3A5D79DDFE2C53, E937A07F212CE64F35FC7367, 9E7025EF13AF024433BEE13E, D9FE4D2DD4EFFB1F8D6ECF4E, 4D61AA4352AB12B23E90CA83, D04CC6A30A34539B423E36F4, 873467C929D9769DD2604444, EA9F440AD49559AAA7C85ECA, CD0AE4E4B85E9980A2763081, 49AC6BC52A8E2AFE3F8640C7, 3F9F0A8125C8E83C4837FFB1, C5E2D73B4A5F5AA16315FED2, EC638DB21E65B9E393327EA7, 55F9A0465F26B4A836A6FFA1, F928BF895B516880B5620391, E78A869FAC9A4C14664DE831, BDCB5F67A1D8DBAF4EA1EC19, C2D4B446A44CE54FAB8E0115); name = TeXium; sourceTree = "<group>"; };
  AD936FCBED631FA67E05C3EA = { isa = PBXGroup; children = (878A52FC5FF6A57D50B7B870, 7A665CDC8B6BB82F90923CBD, 0A3E27B8CA818264D75C8D81); sourceTree = "<group>"; };
  BC4A71180870F7945155FBB0 = { isa = XCLocalSwiftPackageReference; relativePath = .; };
  0D45F5FD462B8C70BFFB1002 = { isa = XCSwiftPackageProductDependency; package = BC4A71180870F7945155FBB0; productName = TeXiumCore; };
  5B2D2E1CD1EA09990CD4EACE = { isa = PBXBuildFile; productRef = 0D45F5FD462B8C70BFFB1002; };
  DE62F1BD2E122BBF6BD45B9C = { isa = PBXSourcesBuildPhase; buildActionMask = 2147483647; files = (F2773D11AEAF569990CBC527, CADE91873AADDFB8184CC79F, A769E6BDB6A9CC07A5CED458, 19A0165F376A4E19417F75EF, 3A40F940CE376D22D51183E9, 009B0E195BA6F446A53B5F81, FEA773FD1467868F060142F2, 46276E3589E24050D86AD0F7, 62D7985EC59758A5D0C3FA6B, 4920A12CF1C0947F6FC2277A, B8268E71B1194B6F80306685, EC2A9B70CF064E18CC8E83AB, 937BC23BF335E25376D41C45, D5931764CA3404F448BA2601, 69062651F470D6F70A6ACD7D, 19A97B4AF684264812ABE4B0, FA1D63A84ABCFB25657777AD, 297F784ECC78096FF5916DBE, A645A41CD36C06BCFB32A314, 4E54580EABE497EA661BA5B1, 1D39A03A343AE346B661A43E, F6ADAB99CB544C9AAFA09057, 3C01A839867DBF17D775B3B6, 284D7E8609CDD224A711B744, CC4DC18511998B55E643541B, 647014FB5FC6DAC7E4161BA8, F8964219F77363CC1C5E63B5, F1BEB51CEE4365F1DE3E1FD9, 138E757392CD20FC28A36795); runOnlyForDeploymentPostprocessing = 0; };
  8A7588AD5FA397C62F95C6FE = { isa = PBXFrameworksBuildPhase; buildActionMask = 2147483647; files = (5B2D2E1CD1EA09990CD4EACE); runOnlyForDeploymentPostprocessing = 0; };
  CCC8ECE80271796AF54350E8 = { isa = PBXResourcesBuildPhase; buildActionMask = 2147483647; files = (AEA316E3B05950E8F1EF6B39); runOnlyForDeploymentPostprocessing = 0; };
  2B23A31EEC75B029432F2445 = { isa = XCBuildConfiguration; name = Debug; buildSettings = {
        MACOSX_DEPLOYMENT_TARGET = 14.0; SDKROOT = macosx; SWIFT_VERSION = 5.0;
        CLANG_ENABLE_MODULES = YES; CLANG_ENABLE_OBJC_ARC = YES; GCC_C_LANGUAGE_STANDARD = gnu17;
        SWIFT_OPTIMIZATION_LEVEL = "-Onone";
        SWIFT_COMPILATION_MODE = "singlefile";
        DEBUG_INFORMATION_FORMAT = "dwarf";
        ONLY_ACTIVE_ARCH = YES;
        ENABLE_TESTABILITY = YES;
        SWIFT_ACTIVE_COMPILATION_CONDITIONS = "DEBUG $(inherited)";
    }; };
  EDDA600A3F771F810A8065C9 = { isa = XCBuildConfiguration; name = Debug; buildSettings = {
        PRODUCT_NAME = TeXium; TEXIUM_APP_BUNDLE_IDENTIFIER = app.texium.mac; PRODUCT_BUNDLE_IDENTIFIER = "$(TEXIUM_APP_BUNDLE_IDENTIFIER)"; INFOPLIST_FILE = Sources/TeXium/Resources/Info.plist;
        GENERATE_INFOPLIST_FILE = NO; CODE_SIGN_STYLE = Manual; CODE_SIGN_IDENTITY = "-";
        ENABLE_HARDENED_RUNTIME = YES; ENABLE_APP_SANDBOX = NO;
        COMBINE_HIDPI_IMAGES = YES; LD_RUNPATH_SEARCH_PATHS = ("$(inherited)", "@executable_path/../Frameworks");
        CURRENT_PROJECT_VERSION = 1; MARKETING_VERSION = 0.1.0;
    }; };
  07CA1E69F6068DEA30A4DA6B = { isa = XCBuildConfiguration; name = Release; buildSettings = {
        MACOSX_DEPLOYMENT_TARGET = 14.0; SDKROOT = macosx; SWIFT_VERSION = 5.0;
        CLANG_ENABLE_MODULES = YES; CLANG_ENABLE_OBJC_ARC = YES; GCC_C_LANGUAGE_STANDARD = gnu17;
        SWIFT_OPTIMIZATION_LEVEL = "-O";
        SWIFT_COMPILATION_MODE = "wholemodule";
        DEBUG_INFORMATION_FORMAT = "dwarf-with-dsym";
        ONLY_ACTIVE_ARCH = NO;
        ENABLE_TESTABILITY = NO;
        SWIFT_ACTIVE_COMPILATION_CONDITIONS = "$(inherited)";
    }; };
  594BCDCC96599D88EF772A08 = { isa = XCBuildConfiguration; name = Release; buildSettings = {
        PRODUCT_NAME = TeXium; TEXIUM_APP_BUNDLE_IDENTIFIER = app.texium.mac; PRODUCT_BUNDLE_IDENTIFIER = "$(TEXIUM_APP_BUNDLE_IDENTIFIER)"; INFOPLIST_FILE = Sources/TeXium/Resources/Info.plist;
        GENERATE_INFOPLIST_FILE = NO; CODE_SIGN_STYLE = Manual; CODE_SIGN_IDENTITY = "-";
        ENABLE_HARDENED_RUNTIME = YES; ENABLE_APP_SANDBOX = NO;
        COMBINE_HIDPI_IMAGES = YES; LD_RUNPATH_SEARCH_PATHS = ("$(inherited)", "@executable_path/../Frameworks");
        CURRENT_PROJECT_VERSION = 1; MARKETING_VERSION = 0.1.0;
    }; };
  B4E10CAA9C5E22150B71559C = { isa = XCConfigurationList; buildConfigurations = (2B23A31EEC75B029432F2445, 07CA1E69F6068DEA30A4DA6B); defaultConfigurationIsVisible = 0; defaultConfigurationName = Release; };
  4A807E8A027297B0B93701FB = { isa = XCConfigurationList; buildConfigurations = (EDDA600A3F771F810A8065C9, 594BCDCC96599D88EF772A08); defaultConfigurationIsVisible = 0; defaultConfigurationName = Release; };
  34A04005BCAF206EEC990BD9 = { isa = PBXNativeTarget; buildConfigurationList = 4A807E8A027297B0B93701FB; buildPhases = (DE62F1BD2E122BBF6BD45B9C, 8A7588AD5FA397C62F95C6FE, CCC8ECE80271796AF54350E8); buildRules = (); dependencies = (); name = TeXiumDesktop; packageProductDependencies = (0D45F5FD462B8C70BFFB1002); productName = TeXium; productReference = A8792157CB4F27FB949C035F; productType = "com.apple.product-type.application"; };
  7A665CDC8B6BB82F90923CBD = { isa = PBXFileReference; lastKnownFileType = sourcecode.swift; path = Tests/TeXiumUITests/TeXiumUITests.swift; sourceTree = SOURCE_ROOT; };
  746629965A4FF5F5BB45B3B5 = { isa = PBXBuildFile; fileRef = 7A665CDC8B6BB82F90923CBD; };
  93E46A602338E07A8524AEF6 = { isa = PBXFileReference; explicitFileType = wrapper.cfbundle; includeInIndex = 0; path = TeXiumUITests.xctest; sourceTree = BUILT_PRODUCTS_DIR; };
  760DD443C1DF2461277A1FDF = { isa = PBXSourcesBuildPhase; buildActionMask = 2147483647; files = (746629965A4FF5F5BB45B3B5); runOnlyForDeploymentPostprocessing = 0; };
  7C233544B17DD67C39852A5C = { isa = XCBuildConfiguration; name = Debug; buildSettings = { PRODUCT_NAME = TeXiumUITests; PRODUCT_BUNDLE_IDENTIFIER = app.texium.ui-tests; GENERATE_INFOPLIST_FILE = YES; TEST_TARGET_NAME = TeXiumDesktop; CODE_SIGN_STYLE = Manual; CODE_SIGN_IDENTITY = "-"; SWIFT_VERSION = 5.0; MACOSX_DEPLOYMENT_TARGET = 14.0; LD_RUNPATH_SEARCH_PATHS = ("$(inherited)", "@executable_path/../Frameworks", "@loader_path/../Frameworks"); }; };
  58F1DDCC41908ACB3CE7DAD8 = { isa = XCBuildConfiguration; name = Release; buildSettings = { PRODUCT_NAME = TeXiumUITests; PRODUCT_BUNDLE_IDENTIFIER = app.texium.ui-tests; GENERATE_INFOPLIST_FILE = YES; TEST_TARGET_NAME = TeXiumDesktop; CODE_SIGN_STYLE = Manual; CODE_SIGN_IDENTITY = "-"; SWIFT_VERSION = 5.0; MACOSX_DEPLOYMENT_TARGET = 14.0; LD_RUNPATH_SEARCH_PATHS = ("$(inherited)", "@executable_path/../Frameworks", "@loader_path/../Frameworks"); }; };
  3DA41B28AE8CC11ED1C9F917 = { isa = XCConfigurationList; buildConfigurations = (7C233544B17DD67C39852A5C, 58F1DDCC41908ACB3CE7DAD8); defaultConfigurationIsVisible = 0; defaultConfigurationName = Release; };
  8DA290C1E75835394B937A40 = { isa = PBXTargetDependency; target = 34A04005BCAF206EEC990BD9; };
  4EA0BBFB4641B4E941FBF077 = { isa = PBXNativeTarget; buildConfigurationList = 3DA41B28AE8CC11ED1C9F917; buildPhases = (760DD443C1DF2461277A1FDF); buildRules = (); dependencies = (8DA290C1E75835394B937A40); name = TeXiumUITests; productName = TeXiumUITests; productReference = 93E46A602338E07A8524AEF6; productType = "com.apple.product-type.bundle.ui-testing"; };
  244210E48437B6556980A702 = { isa = PBXProject; attributes = { BuildIndependentTargetsInParallel = YES; LastSwiftUpdateCheck = 2600; LastUpgradeCheck = 2600; }; buildConfigurationList = B4E10CAA9C5E22150B71559C; compatibilityVersion = "Xcode 14.0"; developmentRegion = en; hasScannedForEncodings = 0; knownRegions = (en, Base); mainGroup = AD936FCBED631FA67E05C3EA; packageReferences = (BC4A71180870F7945155FBB0); productRefGroup = 0A3E27B8CA818264D75C8D81; projectDirPath = ""; projectRoot = ""; targets = (34A04005BCAF206EEC990BD9, 4EA0BBFB4641B4E941FBF077); };
 };
 rootObject = 244210E48437B6556980A702;
}
